
Microsoft Visual Studio Solution File, Format Version 12.00
# Visual Studio 15
VisualStudioVersion = 15.0.27004.2005
MinimumVisualStudioVersion = 10.0.40219.1
Project("{FAE04EC0-301F-11D3-BF4B-00C04F79EFBC}") = "WindowsFormsApp18", "WindowsFormsApp18\WindowsFormsApp18.csproj", "{2432F159-F2D6-4C5A-906C-F0402CBF0EEB}"
EndProject
Global
	GlobalSection(SolutionConfigurationPlatforms) = preSolution
		Debug|Any CPU = Debug|Any CPU
		Release|Any CPU = Release|Any CPU
	EndGlobalSection
	GlobalSection(ProjectConfigurationPlatforms) = postSolution
		{2432F159-F2D6-4C5A-906C-F0402CBF0EEB}.Debug|Any CPU.ActiveCfg = Debug|Any CPU
		{2432F159-F2D6-4C5A-906C-F0402CBF0EEB}.Debug|Any CPU.Build.0 = Debug|Any CPU
		{2432F159-F2D6-4C5A-906C-F0402CBF0EEB}.Release|Any CPU.ActiveCfg = Release|Any CPU
		{2432F159-F2D6-4C5A-906C-F0402CBF0EEB}.Release|Any CPU.Build.0 = Release|Any CPU
	EndGlobalSection
	GlobalSection(SolutionProperties) = preSolution
		HideSolutionNode = FALSE
	EndGlobalSection
	GlobalSection(ExtensibilityGlobals) = postSolution
		SolutionGuid = {96B4C069-925E-41D2-AB5A-0D38F36B9FBE}
	EndGlobalSection
EndGlobal
